
Microsoft Visual Studio Solution File, Format Version 12.00
# Visual Studio Version 16
VisualStudioVersion = 16.0.32413.511
MinimumVisualStudioVersion = 10.0.40219.1
Project("{FAE04EC0-301F-11D3-BF4B-00C04F79EFBC}") = "NoOfTimesDieRolled", "NoOfTimesDieRolled\NoOfTimesDieRolled.csproj", "{8050E790-7BBB-42F6-8FA6-E0B74C5918B8}"
EndProject
Global
	GlobalSection(SolutionConfigurationPlatforms) = preSolution
		Debug|Any CPU = Debug|Any CPU
		Release|Any CPU = Release|Any CPU
	EndGlobalSection
	GlobalSection(ProjectConfigurationPlatforms) = postSolution
		{8050E790-7BBB-42F6-8FA6-E0B74C5918B8}.Debug|Any CPU.ActiveCfg = Debug|Any CPU
		{8050E790-7BBB-42F6-8FA6-E0B74C5918B8}.Debug|Any CPU.Build.0 = Debug|Any CPU
		{8050E790-7BBB-42F6-8FA6-E0B74C5918B8}.Release|Any CPU.ActiveCfg = Release|Any CPU
		{8050E790-7BBB-42F6-8FA6-E0B74C5918B8}.Release|Any CPU.Build.0 = Release|Any CPU
	EndGlobalSection
	GlobalSection(SolutionProperties) = preSolution
		HideSolutionNode = FALSE
	EndGlobalSection
	GlobalSection(ExtensibilityGlobals) = postSolution
		SolutionGuid = {C31495BD-0DDD-4464-9270-5BADE7B0D71B}
	EndGlobalSection
EndGlobal
