
Microsoft Visual Studio Solution File, Format Version 12.00
# Visual Studio Version 16
VisualStudioVersion = 16.0.32413.511
MinimumVisualStudioVersion = 10.0.40219.1
Project("{FAE04EC0-301F-11D3-BF4B-00C04F79EFBC}") = "PlayerStartPosition", "PlayerStartPosition\PlayerStartPosition.csproj", "{9C672F63-D354-4948-8AB6-CF9C4A1791B4}"
EndProject
Global
	GlobalSection(SolutionConfigurationPlatforms) = preSolution
		Debug|Any CPU = Debug|Any CPU
		Release|Any CPU = Release|Any CPU
	EndGlobalSection
	GlobalSection(ProjectConfigurationPlatforms) = postSolution
		{9C672F63-D354-4948-8AB6-CF9C4A1791B4}.Debug|Any CPU.ActiveCfg = Debug|Any CPU
		{9C672F63-D354-4948-8AB6-CF9C4A1791B4}.Debug|Any CPU.Build.0 = Debug|Any CPU
		{9C672F63-D354-4948-8AB6-CF9C4A1791B4}.Release|Any CPU.ActiveCfg = Release|Any CPU
		{9C672F63-D354-4948-8AB6-CF9C4A1791B4}.Release|Any CPU.Build.0 = Release|Any CPU
	EndGlobalSection
	GlobalSection(SolutionProperties) = preSolution
		HideSolutionNode = FALSE
	EndGlobalSection
	GlobalSection(ExtensibilityGlobals) = postSolution
		SolutionGuid = {3A8D637C-3E6A-4FED-87DB-273142B7D94E}
	EndGlobalSection
EndGlobal
