
Microsoft Visual Studio Solution File, Format Version 12.00
# Visual Studio Version 16
VisualStudioVersion = 16.0.32413.511
MinimumVisualStudioVersion = 10.0.40219.1
Project("{FAE04EC0-301F-11D3-BF4B-00C04F79EFBC}") = "CheckOption", "CheckOption\CheckOption.csproj", "{80F01920-C07C-4AC0-AC3E-0704D99F5190}"
EndProject
Global
	GlobalSection(SolutionConfigurationPlatforms) = preSolution
		Debug|Any CPU = Debug|Any CPU
		Release|Any CPU = Release|Any CPU
	EndGlobalSection
	GlobalSection(ProjectConfigurationPlatforms) = postSolution
		{80F01920-C07C-4AC0-AC3E-0704D99F5190}.Debug|Any CPU.ActiveCfg = Debug|Any CPU
		{80F01920-C07C-4AC0-AC3E-0704D99F5190}.Debug|Any CPU.Build.0 = Debug|Any CPU
		{80F01920-C07C-4AC0-AC3E-0704D99F5190}.Release|Any CPU.ActiveCfg = Release|Any CPU
		{80F01920-C07C-4AC0-AC3E-0704D99F5190}.Release|Any CPU.Build.0 = Release|Any CPU
	EndGlobalSection
	GlobalSection(SolutionProperties) = preSolution
		HideSolutionNode = FALSE
	EndGlobalSection
	GlobalSection(ExtensibilityGlobals) = postSolution
		SolutionGuid = {B266785C-4251-47DC-A99E-50EA30A05947}
	EndGlobalSection
EndGlobal
